
Microsoft Visual Studio Solution File, Format Version 12.00
# Visual Studio 15
VisualStudioVersion = 15.0.27703.2035
MinimumVisualStudioVersion = 10.0.40219.1
Project("{FAE04EC0-301F-11D3-BF4B-00C04F79EFBC}") = "EpicorDeploymentAgent", "EpicorDeploymentAgent\EpicorDeploymentAgent.csproj", "{CC02B038-9716-4004-88FF-73AB4F05797E}"
EndProject
Project("{54435603-DBB4-11D2-8724-00A0C9A8B90C}") = "EpicorDeploymentAgentInstaller", "EpicorDeploymentAgentInstaller\EpicorDeploymentAgentInstaller.vdproj", "{DB80BD4A-73F9-4D0F-A88F-E3AD4B7A42F1}"
EndProject
Global
	GlobalSection(SolutionConfigurationPlatforms) = preSolution
		Debug|Any CPU = Debug|Any CPU
		Release|Any CPU = Release|Any CPU
	EndGlobalSection
	GlobalSection(ProjectConfigurationPlatforms) = postSolution
		{CC02B038-9716-4004-88FF-73AB4F05797E}.Debug|Any CPU.ActiveCfg = Debug|Any CPU
		{CC02B038-9716-4004-88FF-73AB4F05797E}.Debug|Any CPU.Build.0 = Debug|Any CPU
		{CC02B038-9716-4004-88FF-73AB4F05797E}.Release|Any CPU.ActiveCfg = Release|Any CPU
		{CC02B038-9716-4004-88FF-73AB4F05797E}.Release|Any CPU.Build.0 = Release|Any CPU
		{DB80BD4A-73F9-4D0F-A88F-E3AD4B7A42F1}.Debug|Any CPU.ActiveCfg = Debug
		{DB80BD4A-73F9-4D0F-A88F-E3AD4B7A42F1}.Release|Any CPU.ActiveCfg = Release
	EndGlobalSection
	GlobalSection(SolutionProperties) = preSolution
		HideSolutionNode = FALSE
	EndGlobalSection
	GlobalSection(ExtensibilityGlobals) = postSolution
		SolutionGuid = {0A1FE460-5192-47CA-9623-91D426FAEDC0}
	EndGlobalSection
EndGlobal
